
Microsoft Visual Studio Solution File, Format Version 12.00
# Visual Studio 15
VisualStudioVersion = 15.0.27004.2005
MinimumVisualStudioVersion = 10.0.40219.1
Project("{E24C65DC-7377-472B-9ABA-BC803B73C61A}") = "Project", "E:\Project", "{6E19D902-F08A-4382-AF33-1BDAA02D5EC7}"
	ProjectSection(WebsiteProperties) = preProject
		TargetFrameworkMoniker = ".NETFramework,Version%3Dv4.6.1"
		Debug.AspNetCompiler.VirtualPath = "/localhost_50352"
		Debug.AspNetCompiler.PhysicalPath = "E:\Project\"
		Debug.AspNetCompiler.TargetPath = "PrecompiledWeb\localhost_50352\"
		Debug.AspNetCompiler.Updateable = "true"
		Debug.AspNetCompiler.ForceOverwrite = "true"
		Debug.AspNetCompiler.FixedNames = "false"
		Debug.AspNetCompiler.Debug = "True"
		Release.AspNetCompiler.VirtualPath = "/localhost_50352"
		Release.AspNetCompiler.PhysicalPath = "E:\Project\"
		Release.AspNetCompiler.TargetPath = "PrecompiledWeb\localhost_50352\"
		Release.AspNetCompiler.Updateable = "true"
		Release.AspNetCompiler.ForceOverwrite = "true"
		Release.AspNetCompiler.FixedNames = "false"
		Release.AspNetCompiler.Debug = "False"
		VWDPort = "50352"
		SlnRelativePath = "E:\Project\"
		DefaultWebSiteLanguage = "Visual C#"
	EndProjectSection
EndProject
Global
	GlobalSection(SolutionConfigurationPlatforms) = preSolution
		Debug|Any CPU = Debug|Any CPU
	EndGlobalSection
	GlobalSection(ProjectConfigurationPlatforms) = postSolution
		{6E19D902-F08A-4382-AF33-1BDAA02D5EC7}.Debug|Any CPU.ActiveCfg = Debug|Any CPU
		{6E19D902-F08A-4382-AF33-1BDAA02D5EC7}.Debug|Any CPU.Build.0 = Debug|Any CPU
	EndGlobalSection
	GlobalSection(SolutionProperties) = preSolution
		HideSolutionNode = FALSE
	EndGlobalSection
	GlobalSection(ExtensibilityGlobals) = postSolution
		SolutionGuid = {F53EB503-D0CC-416C-BCE8-F9DC029DB6B3}
	EndGlobalSection
EndGlobal
